
Microsoft Visual Studio Solution File, Format Version 12.00
# Visual Studio Version 17
VisualStudioVersion = 17.5.33530.505
MinimumVisualStudioVersion = 10.0.40219.1
Project("{9A19103F-16F7-4668-BE54-9A1E7A4F7556}") = "Trend2.Telegram.Console", "Trend2.Telegram.Console\Trend2.Telegram.Console.csproj", "{EC4BDC13-2A26-406C-BA29-D92DBBA578D1}"
EndProject
Project("{9A19103F-16F7-4668-BE54-9A1E7A4F7556}") = "Trend2.Telegram", "Trend2.Telegram\Trend2.Telegram.csproj", "{5851C89D-4D72-4229-9D6D-D84528862423}"
EndProject
Project("{9A19103F-16F7-4668-BE54-9A1E7A4F7556}") = "Trend2.TgApplication", "Trend2.TgApplication\Trend2.TgApplication.csproj", "{5673CD43-6A7E-49CF-A901-0FDAFE1F433E}"
EndProject
Global
	GlobalSection(SolutionConfigurationPlatforms) = preSolution
		Debug|Any CPU = Debug|Any CPU
		Release|Any CPU = Release|Any CPU
	EndGlobalSection
	GlobalSection(ProjectConfigurationPlatforms) = postSolution
		{EC4BDC13-2A26-406C-BA29-D92DBBA578D1}.Debug|Any CPU.ActiveCfg = Debug|Any CPU
		{EC4BDC13-2A26-406C-BA29-D92DBBA578D1}.Debug|Any CPU.Build.0 = Debug|Any CPU
		{EC4BDC13-2A26-406C-BA29-D92DBBA578D1}.Release|Any CPU.ActiveCfg = Release|Any CPU
		{EC4BDC13-2A26-406C-BA29-D92DBBA578D1}.Release|Any CPU.Build.0 = Release|Any CPU
		{5851C89D-4D72-4229-9D6D-D84528862423}.Debug|Any CPU.ActiveCfg = Debug|Any CPU
		{5851C89D-4D72-4229-9D6D-D84528862423}.Debug|Any CPU.Build.0 = Debug|Any CPU
		{5851C89D-4D72-4229-9D6D-D84528862423}.Release|Any CPU.ActiveCfg = Release|Any CPU
		{5851C89D-4D72-4229-9D6D-D84528862423}.Release|Any CPU.Build.0 = Release|Any CPU
		{5673CD43-6A7E-49CF-A901-0FDAFE1F433E}.Debug|Any CPU.ActiveCfg = Debug|Any CPU
		{5673CD43-6A7E-49CF-A901-0FDAFE1F433E}.Debug|Any CPU.Build.0 = Debug|Any CPU
		{5673CD43-6A7E-49CF-A901-0FDAFE1F433E}.Release|Any CPU.ActiveCfg = Release|Any CPU
		{5673CD43-6A7E-49CF-A901-0FDAFE1F433E}.Release|Any CPU.Build.0 = Release|Any CPU
	EndGlobalSection
	GlobalSection(SolutionProperties) = preSolution
		HideSolutionNode = FALSE
	EndGlobalSection
	GlobalSection(ExtensibilityGlobals) = postSolution
		SolutionGuid = {596D96DA-02AB-4940-BA9D-6CE355A8797D}
	EndGlobalSection
EndGlobal
